
Microsoft Visual Studio Solution File, Format Version 12.00
# Visual Studio 2013
VisualStudioVersion = 12.0.40629.0
MinimumVisualStudioVersion = 10.0.40219.1
Project("{FAE04EC0-301F-11D3-BF4B-00C04F79EFBC}") = "Unifonic.API", "Unifonic.API\Unifonic.API.csproj", "{DBA26C2E-CE25-4764-8264-0B023B47AB33}"
EndProject
Project("{2150E333-8FDC-42A3-9474-1A3956D46DE8}") = "Samples", "Samples", "{D2A122CE-B60D-4A7C-B670-360818BC0F61}"
EndProject
Project("{FAE04EC0-301F-11D3-BF4B-00C04F79EFBC}") = "Unifonic.Sample", "Unifonic.Sample\Unifonic.Sample.csproj", "{76D0E504-3D5E-4A7A-B85B-ABA7FF0B7699}"
EndProject
Project("{2150E333-8FDC-42A3-9474-1A3956D46DE8}") = "Tests", "Tests", "{D895CB54-4F88-4206-85D8-FF64DF36809D}"
EndProject
Project("{FAE04EC0-301F-11D3-BF4B-00C04F79EFBC}") = "Unifonic.API.IntegrationTests", "Tests\Unifonic.API.Tests\Unifonic.API.IntegrationTests.csproj", "{9650C44D-E3E2-4310-B120-0E86D63D5B9F}"
EndProject
Project("{2150E333-8FDC-42A3-9474-1A3956D46DE8}") = "Nuget", "Nuget", "{832E1C5E-E700-416D-AFD5-6CD734D22311}"
	ProjectSection(SolutionItems) = preProject
		Nuget\Otsdc.1.0.0.nupkg = Nuget\Otsdc.1.0.0.nupkg
		Nuget\Otsdc.1.2.0.nupkg = Nuget\Otsdc.1.2.0.nupkg
		Nuget\Otsdc.1.2.1.nupkg = Nuget\Otsdc.1.2.1.nupkg
		Nuget\Unifonic.nuspec = Nuget\Unifonic.nuspec
	EndProjectSection
EndProject
Global
	GlobalSection(SolutionConfigurationPlatforms) = preSolution
		Debug|Any CPU = Debug|Any CPU
		Release|Any CPU = Release|Any CPU
	EndGlobalSection
	GlobalSection(ProjectConfigurationPlatforms) = postSolution
		{DBA26C2E-CE25-4764-8264-0B023B47AB33}.Debug|Any CPU.ActiveCfg = Debug|Any CPU
		{DBA26C2E-CE25-4764-8264-0B023B47AB33}.Debug|Any CPU.Build.0 = Debug|Any CPU
		{DBA26C2E-CE25-4764-8264-0B023B47AB33}.Release|Any CPU.ActiveCfg = Release|Any CPU
		{DBA26C2E-CE25-4764-8264-0B023B47AB33}.Release|Any CPU.Build.0 = Release|Any CPU
		{76D0E504-3D5E-4A7A-B85B-ABA7FF0B7699}.Debug|Any CPU.ActiveCfg = Debug|Any CPU
		{76D0E504-3D5E-4A7A-B85B-ABA7FF0B7699}.Debug|Any CPU.Build.0 = Debug|Any CPU
		{76D0E504-3D5E-4A7A-B85B-ABA7FF0B7699}.Release|Any CPU.ActiveCfg = Release|Any CPU
		{76D0E504-3D5E-4A7A-B85B-ABA7FF0B7699}.Release|Any CPU.Build.0 = Release|Any CPU
		{9650C44D-E3E2-4310-B120-0E86D63D5B9F}.Debug|Any CPU.ActiveCfg = Debug|Any CPU
		{9650C44D-E3E2-4310-B120-0E86D63D5B9F}.Debug|Any CPU.Build.0 = Debug|Any CPU
		{9650C44D-E3E2-4310-B120-0E86D63D5B9F}.Release|Any CPU.ActiveCfg = Release|Any CPU
		{9650C44D-E3E2-4310-B120-0E86D63D5B9F}.Release|Any CPU.Build.0 = Release|Any CPU
	EndGlobalSection
	GlobalSection(SolutionProperties) = preSolution
		HideSolutionNode = FALSE
	EndGlobalSection
	GlobalSection(NestedProjects) = preSolution
		{76D0E504-3D5E-4A7A-B85B-ABA7FF0B7699} = {D2A122CE-B60D-4A7C-B670-360818BC0F61}
		{9650C44D-E3E2-4310-B120-0E86D63D5B9F} = {D895CB54-4F88-4206-85D8-FF64DF36809D}
	EndGlobalSection
EndGlobal
